// !$*UTF8*$!
{
	archiveVersion = 1;
	classes = {
	};
	objectVersion = 46;
	objects = {

/* Begin PBXBuildFile section */
		FBF023891D8975C100A768D9 /* AppDelegate.swift in Sources */ = {isa = PBXBuildFile; fileRef = FBF023881D8975C100A768D9 /* AppDelegate.swift */; };
		FBF0238B1D8975C100A768D9 /* ViewController.swift in Sources */ = {isa = PBXBuildFile; fileRef = FBF0238A1D8975C100A768D9 /* ViewController.swift */; };
		FBF0238E1D8975C100A768D9 /* Main.storyboard in Resources */ = {isa = PBXBuildFile; fileRef = FBF0238C1D8975C100A768D9 /* Main.storyboard */; };
		FBF023901D8975C100A768D9 /* Assets.xcassets in Resources */ = {isa = PBXBuildFile; fileRef = FBF0238F1D8975C100A768D9 /* Assets.xcassets */; };
		FBF023931D8975C100A768D9 /* LaunchScreen.storyboard in Resources */ = {isa = PBXBuildFile; fileRef = FBF023911D8975C100A768D9 /* LaunchScreen.storyboard */; };
/* End PBXBuildFile section */

/* Begin PBXFileReference section */
		FBF023851D8975C100A768D9 /* FlappyBird_7.3.app */ = {isa = PBXFileReference; explicitFileType = wrapper.application; includeInIndex = 0; path = FlappyBird_7.3.app; sourceTree = BUILT_PRODUCTS_DIR; };
		FBF023881D8975C100A768D9 /* AppDelegate.swift */ = {isa = PBXFileReference; lastKnownFileType = sourcecode.swift; path = AppDelegate.swift; sourceTree = "<group>"; };
		FBF0238A1D8975C100A768D9 /* ViewController.swift */ = {isa = PBXFileReference; lastKnownFileType = sourcecode.swift; path = ViewController.swift; sourceTree = "<group>"; };
		FBF0238D1D8975C100A768D9 /* Base */ = {isa = PBXFileReference; lastKnownFileType = file.storyboard; name = Base; path = Base.lproj/Main.storyboard; sourceTree = "<group>"; };
		FBF0238F1D8975C100A768D9 /* Assets.xcassets */ = {isa = PBXFileReference; lastKnownFileType = folder.assetcatalog; path = Assets.xcassets; sourceTree = "<group>"; };
		FBF023921D8975C100A768D9 /* Base */ = {isa = PBXFileReference; lastKnownFileType = file.storyboard; name = Base; path = Base.lproj/LaunchScreen.storyboard; sourceTree = "<group>"; };
		FBF023941D8975C100A768D9 /* Info.plist */ = {isa = PBXFileReference; lastKnownFileType = text.plist.xml; path = Info.plist; sourceTree = "<group>"; };
/* End PBXFileReference section */

/* Begin PBXFrameworksBuildPhase section */
		FBF023821D8975C100A768D9 /* Frameworks */ = {
			isa = PBXFrameworksBuildPhase;
			buildActionMask = 2147483647;
			files = (
			);
			runOnlyForDeploymentPostprocessing = 0;
		};
/* End PBXFrameworksBuildPhase section */

/* Begin PBXGroup section */
		FBF0237C1D8975C100A768D9 = {
			isa = PBXGroup;
			children = (
				FBF023871D8975C100A768D9 /* FlappyBird_7.3 */,
				FBF023861D8975C100A768D9 /* Products */,
			);
			sourceTree = "<group>";
		};
		FBF023861D8975C100A768D9 /* Products */ = {
			isa = PBXGroup;
			children = (
				FBF023851D8975C100A768D9 /* FlappyBird_7.3.app */,
			);
			name = Products;
			sourceTree = "<group>";
		};
		FBF023871D8975C100A768D9 /* FlappyBird_7.3 */ = {
			isa = PBXGroup;
			children = (
				FBF023881D8975C100A768D9 /* AppDelegate.swift */,
				FBF0238A1D8975C100A768D9 /* ViewController.swift */,
				FBF0238C1D8975C100A768D9 /* Main.storyboard */,
				FBF0238F1D8975C100A768D9 /* Assets.xcassets */,
				FBF023911D8975C100A768D9 /* LaunchScreen.storyboard */,
				FBF023941D8975C100A768D9 /* Info.plist */,
			);
			path = FlappyBird_7.3;
			sourceTree = "<group>";
		};
/* End PBXGroup section */

/* Begin PBXNativeTarget section */
		FBF023841D8975C100A768D9 /* FlappyBird_7.3 */ = {
			isa = PBXNativeTarget;
			buildConfigurationList = FBF023971D8975C100A768D9 /* Build configuration list for PBXNativeTarget "FlappyBird_7.3" */;
			buildPhases = (
				FBF023811D8975C100A768D9 /* Sources */,
				FBF023821D8975C100A768D9 /* Frameworks */,
				FBF023831D8975C100A768D9 /* Resources */,
			);
			buildRules = (
			);
			dependencies = (
			);
			name = FlappyBird_7.3;
			productName = FlappyBird_7.3;
			productReference = FBF023851D8975C100A768D9 /* FlappyBird_7.3.app */;
			productType = "com.apple.product-type.application";
		};
/* End PBXNativeTarget section */

/* Begin PBXProject section */
		FBF0237D1D8975C100A768D9 /* Project object */ = {
			isa = PBXProject;
			attributes = {
				LastSwiftUpdateCheck = 0730;
				LastUpgradeCheck = 0730;
				ORGANIZATIONNAME = jp.techacademy.takeshi.takeuchi;
				TargetAttributes = {
					FBF023841D8975C100A768D9 = {
						CreatedOnToolsVersion = 7.3.1;
					};
				};
			};
			buildConfigurationList = FBF023801D8975C100A768D9 /* Build configuration list for PBXProject "FlappyBird_7.3" */;
			compatibilityVersion = "Xcode 3.2";
			developmentRegion = English;
			hasScannedForEncodings = 0;
			knownRegions = (
				en,
				Base,
			);
			mainGroup = FBF0237C1D8975C100A768D9;
			productRefGroup = FBF023861D8975C100A768D9 /* Products */;
			projectDirPath = "";
			projectRoot = "";
			targets = (
				FBF023841D8975C100A768D9 /* FlappyBird_7.3 */,
			);
		};
/* End PBXProject section */

/* Begin PBXResourcesBuildPhase section */
		FBF023831D8975C100A768D9 /* Resources */ = {
			isa = PBXResourcesBuildPhase;
			buildActionMask = 2147483647;
			files = (
				FBF023931D8975C100A768D9 /* LaunchScreen.storyboard in Resources */,
				FBF023901D8975C100A768D9 /* Assets.xcassets in Resources */,
				FBF0238E1D8975C100A768D9 /* Main.storyboard in Resources */,
			);
			runOnlyForDeploymentPostprocessing = 0;
		};
/* End PBXResourcesBuildPhase section */

/* Begin PBXSourcesBuildPhase section */
		FBF023811D8975C100A768D9 /* Sources */ = {
			isa = PBXSourcesBuildPhase;
			buildActionMask = 2147483647;
			files = (
				FBF0238B1D8975C100A768D9 /* ViewController.swift in Sources */,
				FBF023891D8975C100A768D9 /* AppDelegate.swift in Sources */,
			);
			runOnlyForDeploymentPostprocessing = 0;
		};
/* End PBXSourcesBuildPhase section */

/* Begin PBXVariantGroup section */
		FBF0238C1D8975C100A768D9 /* Main.storyboard */ = {
			isa = PBXVariantGroup;
			children = (
				FBF0238D1D8975C100A768D9 /* Base */,
			);
			name = Main.storyboard;
			sourceTree = "<group>";
		};
		FBF023911D8975C100A768D9 /* LaunchScreen.storyboard */ = {
			isa = PBXVariantGroup;
			children = (
				FBF023921D8975C100A768D9 /* Base */,
			);
			name = LaunchScreen.storyboard;
			sourceTree = "<group>";
		};
/* End PBXVariantGroup section */

/* Begin XCBuildConfiguration section */
		FBF023951D8975C100A768D9 /* Debug */ = {
			isa = XCBuildConfiguration;
			buildSettings = {
				ALWAYS_SEARCH_USER_PATHS = NO;
				CLANG_ANALYZER_NONNULL = YES;
				CLANG_CXX_LANGUAGE_STANDARD = "gnu++0x";
				CLANG_CXX_LIBRARY = "libc++";
				CLANG_ENABLE_MODULES = YES;
				CLANG_ENABLE_OBJC_ARC = YES;
				CLANG_WARN_BOOL_CONVERSION = YES;
				CLANG_WARN_CONSTANT_CONVERSION = YES;
				CLANG_WARN_DIRECT_OBJC_ISA_USAGE = YES_ERROR;
				CLANG_WARN_EMPTY_BODY = YES;
				CLANG_WARN_ENUM_CONVERSION = YES;
				CLANG_WARN_INT_CONVERSION = YES;
				CLANG_WARN_OBJC_ROOT_CLASS = YES_ERROR;
				CLANG_WARN_UNREACHABLE_CODE = YES;
				CLANG_WARN__DUPLICATE_METHOD_MATCH = YES;
				"CODE_SIGN_IDENTITY[sdk=iphoneos*]" = "iPhone Developer";
				COPY_PHASE_STRIP = NO;
				DEBUG_INFORMATION_FORMAT = dwarf;
				ENABLE_STRICT_OBJC_MSGSEND = YES;
				ENABLE_TESTABILITY = YES;
				GCC_C_LANGUAGE_STANDARD = gnu99;
				GCC_DYNAMIC_NO_PIC = NO;
				GCC_NO_COMMON_BLOCKS = YES;
				GCC_OPTIMIZATION_LEVEL = 0;
				GCC_PREPROCESSOR_DEFINITIONS = (
					"DEBUG=1",
					"$(inherited)",
				);
				GCC_WARN_64_TO_32_BIT_CONVERSION = YES;
				GCC_WARN_ABOUT_RETURN_TYPE = YES_ERROR;
				GCC_WARN_UNDECLARED_SELECTOR = YES;
				GCC_WARN_UNINITIALIZED_AUTOS = YES_AGGRESSIVE;
				GCC_WARN_UNUSED_FUNCTION = YES;
				GCC_WARN_UNUSED_VARIABLE = YES;
				IPHONEOS_DEPLOYMENT_TARGET = 9.3;
				MTL_ENABLE_DEBUG_INFO = YES;
				ONLY_ACTIVE_ARCH = YES;
				SDKROOT = iphoneos;
				SWIFT_OPTIMIZATION_LEVEL = "-Onone";
			};
			name = Debug;
		};
		FBF023961D8975C100A768D9 /* Release */ = {
			isa = XCBuildConfiguration;
			buildSettings = {
				ALWAYS_SEARCH_USER_PATHS = NO;
				CLANG_ANALYZER_NONNULL = YES;
				CLANG_CXX_LANGUAGE_STANDARD = "gnu++0x";
				CLANG_CXX_LIBRARY = "libc++";
				CLANG_ENABLE_MODULES = YES;
				CLANG_ENABLE_OBJC_ARC = YES;
				CLANG_WARN_BOOL_CONVERSION = YES;
				CLANG_WARN_CONSTANT_CONVERSION = YES;
				CLANG_WARN_DIRECT_OBJC_ISA_USAGE = YES_ERROR;
				CLANG_WARN_EMPTY_BODY = YES;
				CLANG_WARN_ENUM_CONVERSION = YES;
				CLANG_WARN_INT_CONVERSION = YES;
				CLANG_WARN_OBJC_ROOT_CLASS = YES_ERROR;
				CLANG_WARN_UNREACHABLE_CODE = YES;
				CLANG_WARN__DUPLICATE_METHOD_MATCH = YES;
				"CODE_SIGN_IDENTITY[sdk=iphoneos*]" = "iPhone Developer";
				COPY_PHASE_STRIP = NO;
				DEBUG_INFORMATION_FORMAT = "dwarf-with-dsym";
				ENABLE_NS_ASSERTIONS = NO;
				ENABLE_STRICT_OBJC_MSGSEND = YES;
				GCC_C_LANGUAGE_STANDARD = gnu99;
				GCC_NO_COMMON_BLOCKS = YES;
				GCC_WARN_64_TO_32_BIT_CONVERSION = YES;
				GCC_WARN_ABOUT_RETURN_TYPE = YES_ERROR;
				GCC_WARN_UNDECLARED_SELECTOR = YES;
				GCC_WARN_UNINITIALIZED_AUTOS = YES_AGGRESSIVE;
				GCC_WARN_UNUSED_FUNCTION = YES;
				GCC_WARN_UNUSED_VARIABLE = YES;
				IPHONEOS_DEPLOYMENT_TARGET = 9.3;
				MTL_ENABLE_DEBUG_INFO = NO;
				SDKROOT = iphoneos;
				VALIDATE_PRODUCT = YES;
			};
			name = Release;
		};
		FBF023981D8975C100A768D9 /* Debug */ = {
			isa = XCBuildConfiguration;
			buildSettings = {
				ASSETCATALOG_COMPILER_APPICON_NAME = AppIcon;
				INFOPLIST_FILE = FlappyBird_7.3/Info.plist;
				LD_RUNPATH_SEARCH_PATHS = "$(inherited) @executable_path/Frameworks";
				PRODUCT_BUNDLE_IDENTIFIER = "com.mycompany.FlappyBird-7-3";
				PRODUCT_NAME = "$(TARGET_NAME)";
			};
			name = Debug;
		};
		FBF023991D8975C100A768D9 /* Release */ = {
			isa = XCBuildConfiguration;
			buildSettings = {
				ASSETCATALOG_COMPILER_APPICON_NAME = AppIcon;
				INFOPLIST_FILE = FlappyBird_7.3/Info.plist;
				LD_RUNPATH_SEARCH_PATHS = "$(inherited) @executable_path/Frameworks";
				PRODUCT_BUNDLE_IDENTIFIER = "com.mycompany.FlappyBird-7-3";
				PRODUCT_NAME = "$(TARGET_NAME)";
			};
			name = Release;
		};
/* End XCBuildConfiguration section */

/* Begin XCConfigurationList section */
		FBF023801D8975C100A768D9 /* Build configuration list for PBXProject "FlappyBird_7.3" */ = {
			isa = XCConfigurationList;
			buildConfigurations = (
				FBF023951D8975C100A768D9 /* Debug */,
				FBF023961D8975C100A768D9 /* Release */,
			);
			defaultConfigurationIsVisible = 0;
			defaultConfigurationName = Release;
		};
		FBF023971D8975C100A768D9 /* Build configuration list for PBXNativeTarget "FlappyBird_7.3" */ = {
			isa = XCConfigurationList;
			buildConfigurations = (
				FBF023981D8975C100A768D9 /* Debug */,
				FBF023991D8975C100A768D9 /* Release */,
			);
			defaultConfigurationIsVisible = 0;
		};
/* End XCConfigurationList section */
	};
	rootObject = FBF0237D1D8975C100A768D9 /* Project object */;
}
